
Microsoft Visual Studio Solution File, Format Version 12.00
# Visual Studio Version 17
VisualStudioVersion = 17.4.33213.308
MinimumVisualStudioVersion = 10.0.40219.1
Project("{FAE04EC0-301F-11D3-BF4B-00C04F79EFBC}") = "Base", "Base\Base.csproj", "{8C0FE32D-4246-477D-8F1F-E495738B53CE}"
EndProject
Project("{FAE04EC0-301F-11D3-BF4B-00C04F79EFBC}") = "Data", "Data\Data.csproj", "{CC7E317E-D59B-43BE-935D-D782DA198879}"
EndProject
Project("{FAE04EC0-301F-11D3-BF4B-00C04F79EFBC}") = "Operation", "Operation\Operation.csproj", "{F77391D4-E2B2-4920-81A3-3064B41C293E}"
EndProject
Project("{FAE04EC0-301F-11D3-BF4B-00C04F79EFBC}") = "Schema", "Schema\Schema.csproj", "{DBDB32F3-67D3-4EE4-94D5-DA4EE4E2BC9A}"
EndProject
Project("{FAE04EC0-301F-11D3-BF4B-00C04F79EFBC}") = "Api", "Api\Api.csproj", "{C8CC20CB-BCF7-487A-9BC3-ED300CB463F6}"
EndProject
Global
	GlobalSection(SolutionConfigurationPlatforms) = preSolution
		Debug|Any CPU = Debug|Any CPU
		Release|Any CPU = Release|Any CPU
	EndGlobalSection
	GlobalSection(ProjectConfigurationPlatforms) = postSolution
		{8C0FE32D-4246-477D-8F1F-E495738B53CE}.Debug|Any CPU.ActiveCfg = Debug|Any CPU
		{8C0FE32D-4246-477D-8F1F-E495738B53CE}.Debug|Any CPU.Build.0 = Debug|Any CPU
		{8C0FE32D-4246-477D-8F1F-E495738B53CE}.Release|Any CPU.ActiveCfg = Release|Any CPU
		{8C0FE32D-4246-477D-8F1F-E495738B53CE}.Release|Any CPU.Build.0 = Release|Any CPU
		{CC7E317E-D59B-43BE-935D-D782DA198879}.Debug|Any CPU.ActiveCfg = Debug|Any CPU
		{CC7E317E-D59B-43BE-935D-D782DA198879}.Debug|Any CPU.Build.0 = Debug|Any CPU
		{CC7E317E-D59B-43BE-935D-D782DA198879}.Release|Any CPU.ActiveCfg = Release|Any CPU
		{CC7E317E-D59B-43BE-935D-D782DA198879}.Release|Any CPU.Build.0 = Release|Any CPU
		{F77391D4-E2B2-4920-81A3-3064B41C293E}.Debug|Any CPU.ActiveCfg = Debug|Any CPU
		{F77391D4-E2B2-4920-81A3-3064B41C293E}.Debug|Any CPU.Build.0 = Debug|Any CPU
		{F77391D4-E2B2-4920-81A3-3064B41C293E}.Release|Any CPU.ActiveCfg = Release|Any CPU
		{F77391D4-E2B2-4920-81A3-3064B41C293E}.Release|Any CPU.Build.0 = Release|Any CPU
		{DBDB32F3-67D3-4EE4-94D5-DA4EE4E2BC9A}.Debug|Any CPU.ActiveCfg = Debug|Any CPU
		{DBDB32F3-67D3-4EE4-94D5-DA4EE4E2BC9A}.Debug|Any CPU.Build.0 = Debug|Any CPU
		{DBDB32F3-67D3-4EE4-94D5-DA4EE4E2BC9A}.Release|Any CPU.ActiveCfg = Release|Any CPU
		{DBDB32F3-67D3-4EE4-94D5-DA4EE4E2BC9A}.Release|Any CPU.Build.0 = Release|Any CPU
		{C8CC20CB-BCF7-487A-9BC3-ED300CB463F6}.Debug|Any CPU.ActiveCfg = Debug|Any CPU
		{C8CC20CB-BCF7-487A-9BC3-ED300CB463F6}.Debug|Any CPU.Build.0 = Debug|Any CPU
		{C8CC20CB-BCF7-487A-9BC3-ED300CB463F6}.Release|Any CPU.ActiveCfg = Release|Any CPU
		{C8CC20CB-BCF7-487A-9BC3-ED300CB463F6}.Release|Any CPU.Build.0 = Release|Any CPU
	EndGlobalSection
	GlobalSection(SolutionProperties) = preSolution
		HideSolutionNode = FALSE
	EndGlobalSection
	GlobalSection(ExtensibilityGlobals) = postSolution
		SolutionGuid = {B20DBD2D-DECD-4C37-AB5D-A593EE871E67}
	EndGlobalSection
EndGlobal
